// !$*UTF8*$!
{
	archiveVersion = 1;
	classes = {
	};
	objectVersion = 50;
	objects = {

/* Begin PBXBuildFile section */
		471B7AE726C1AFDF00F3CAB2 /* explosionParticle.sks in Resources */ = {isa = PBXBuildFile; fileRef = 471B7AE626C1AFDF00F3CAB2 /* explosionParticle.sks */; };
		471B7AE926C1B76900F3CAB2 /* TitleScene.sks in Resources */ = {isa = PBXBuildFile; fileRef = 471B7AE826C1B76900F3CAB2 /* TitleScene.sks */; };
		471B7AEB26C1B79900F3CAB2 /* TitleScene.swift in Sources */ = {isa = PBXBuildFile; fileRef = 471B7AEA26C1B79900F3CAB2 /* TitleScene.swift */; };
		471B7AED26C1CE3C00F3CAB2 /* Readme.md in Resources */ = {isa = PBXBuildFile; fileRef = 471B7AEC26C1CE3C00F3CAB2 /* Readme.md */; };
		4723CB6426BF0A51002E1954 /* AppDelegate.swift in Sources */ = {isa = PBXBuildFile; fileRef = 4723CB6326BF0A51002E1954 /* AppDelegate.swift */; };
		4723CB6626BF0A51002E1954 /* GameScene.sks in Resources */ = {isa = PBXBuildFile; fileRef = 4723CB6526BF0A51002E1954 /* GameScene.sks */; };
		4723CB6826BF0A51002E1954 /* Actions.sks in Resources */ = {isa = PBXBuildFile; fileRef = 4723CB6726BF0A51002E1954 /* Actions.sks */; };
		4723CB6A26BF0A51002E1954 /* GameScene.swift in Sources */ = {isa = PBXBuildFile; fileRef = 4723CB6926BF0A51002E1954 /* GameScene.swift */; };
		4723CB6C26BF0A51002E1954 /* GameViewController.swift in Sources */ = {isa = PBXBuildFile; fileRef = 4723CB6B26BF0A51002E1954 /* GameViewController.swift */; };
		4723CB6F26BF0A51002E1954 /* Main.storyboard in Resources */ = {isa = PBXBuildFile; fileRef = 4723CB6D26BF0A51002E1954 /* Main.storyboard */; };
		4723CB7126BF0A52002E1954 /* Assets.xcassets in Resources */ = {isa = PBXBuildFile; fileRef = 4723CB7026BF0A52002E1954 /* Assets.xcassets */; };
/* End PBXBuildFile section */

/* Begin PBXFileReference section */
		471B7AE626C1AFDF00F3CAB2 /* explosionParticle.sks */ = {isa = PBXFileReference; lastKnownFileType = file.sks; path = explosionParticle.sks; sourceTree = "<group>"; };
		471B7AE826C1B76900F3CAB2 /* TitleScene.sks */ = {isa = PBXFileReference; lastKnownFileType = file.sks; path = TitleScene.sks; sourceTree = "<group>"; };
		471B7AEA26C1B79900F3CAB2 /* TitleScene.swift */ = {isa = PBXFileReference; lastKnownFileType = sourcecode.swift; path = TitleScene.swift; sourceTree = "<group>"; };
		471B7AEC26C1CE3C00F3CAB2 /* Readme.md */ = {isa = PBXFileReference; lastKnownFileType = net.daringfireball.markdown; path = Readme.md; sourceTree = "<group>"; };
		4723CB6026BF0A51002E1954 /* SpaceShooter.app */ = {isa = PBXFileReference; explicitFileType = wrapper.application; includeInIndex = 0; path = SpaceShooter.app; sourceTree = BUILT_PRODUCTS_DIR; };
		4723CB6326BF0A51002E1954 /* AppDelegate.swift */ = {isa = PBXFileReference; lastKnownFileType = sourcecode.swift; path = AppDelegate.swift; sourceTree = "<group>"; };
		4723CB6526BF0A51002E1954 /* GameScene.sks */ = {isa = PBXFileReference; lastKnownFileType = file.sks; path = GameScene.sks; sourceTree = "<group>"; };
		4723CB6726BF0A51002E1954 /* Actions.sks */ = {isa = PBXFileReference; lastKnownFileType = file.sks; path = Actions.sks; sourceTree = "<group>"; };
		4723CB6926BF0A51002E1954 /* GameScene.swift */ = {isa = PBXFileReference; lastKnownFileType = sourcecode.swift; path = GameScene.swift; sourceTree = "<group>"; };
		4723CB6B26BF0A51002E1954 /* GameViewController.swift */ = {isa = PBXFileReference; lastKnownFileType = sourcecode.swift; path = GameViewController.swift; sourceTree = "<group>"; };
		4723CB6E26BF0A51002E1954 /* Base */ = {isa = PBXFileReference; lastKnownFileType = file.storyboard; name = Base; path = Base.lproj/Main.storyboard; sourceTree = "<group>"; };
		4723CB7026BF0A52002E1954 /* Assets.xcassets */ = {isa = PBXFileReference; lastKnownFileType = folder.assetcatalog; path = Assets.xcassets; sourceTree = "<group>"; };
		4723CB7226BF0A52002E1954 /* Info.plist */ = {isa = PBXFileReference; lastKnownFileType = text.plist.xml; path = Info.plist; sourceTree = "<group>"; };
/* End PBXFileReference section */

/* Begin PBXFrameworksBuildPhase section */
		4723CB5D26BF0A51002E1954 /* Frameworks */ = {
			isa = PBXFrameworksBuildPhase;
			buildActionMask = 2147483647;
			files = (
			);
			runOnlyForDeploymentPostprocessing = 0;
		};
/* End PBXFrameworksBuildPhase section */

/* Begin PBXGroup section */
		4723CB5726BF0A51002E1954 = {
			isa = PBXGroup;
			children = (
				471B7AEC26C1CE3C00F3CAB2 /* Readme.md */,
				4723CB6226BF0A51002E1954 /* SpaceShooter */,
				4723CB6126BF0A51002E1954 /* Products */,
			);
			sourceTree = "<group>";
		};
		4723CB6126BF0A51002E1954 /* Products */ = {
			isa = PBXGroup;
			children = (
				4723CB6026BF0A51002E1954 /* SpaceShooter.app */,
			);
			name = Products;
			sourceTree = "<group>";
		};
		4723CB6226BF0A51002E1954 /* SpaceShooter */ = {
			isa = PBXGroup;
			children = (
				4723CB6326BF0A51002E1954 /* AppDelegate.swift */,
				4723CB6526BF0A51002E1954 /* GameScene.sks */,
				4723CB6726BF0A51002E1954 /* Actions.sks */,
				4723CB6926BF0A51002E1954 /* GameScene.swift */,
				4723CB6B26BF0A51002E1954 /* GameViewController.swift */,
				4723CB6D26BF0A51002E1954 /* Main.storyboard */,
				4723CB7026BF0A52002E1954 /* Assets.xcassets */,
				4723CB7226BF0A52002E1954 /* Info.plist */,
				471B7AE626C1AFDF00F3CAB2 /* explosionParticle.sks */,
				471B7AE826C1B76900F3CAB2 /* TitleScene.sks */,
				471B7AEA26C1B79900F3CAB2 /* TitleScene.swift */,
			);
			path = SpaceShooter;
			sourceTree = "<group>";
		};
/* End PBXGroup section */

/* Begin PBXNativeTarget section */
		4723CB5F26BF0A51002E1954 /* SpaceShooter */ = {
			isa = PBXNativeTarget;
			buildConfigurationList = 4723CB7526BF0A52002E1954 /* Build configuration list for PBXNativeTarget "SpaceShooter" */;
			buildPhases = (
				4723CB5C26BF0A51002E1954 /* Sources */,
				4723CB5D26BF0A51002E1954 /* Frameworks */,
				4723CB5E26BF0A51002E1954 /* Resources */,
			);
			buildRules = (
			);
			dependencies = (
			);
			name = SpaceShooter;
			productName = SpaceShooter;
			productReference = 4723CB6026BF0A51002E1954 /* SpaceShooter.app */;
			productType = "com.apple.product-type.application";
		};
/* End PBXNativeTarget section */

/* Begin PBXProject section */
		4723CB5826BF0A51002E1954 /* Project object */ = {
			isa = PBXProject;
			attributes = {
				LastSwiftUpdateCheck = 1250;
				LastUpgradeCheck = 1250;
				TargetAttributes = {
					4723CB5F26BF0A51002E1954 = {
						CreatedOnToolsVersion = 12.5.1;
					};
				};
			};
			buildConfigurationList = 4723CB5B26BF0A51002E1954 /* Build configuration list for PBXProject "SpaceShooter" */;
			compatibilityVersion = "Xcode 9.3";
			developmentRegion = en;
			hasScannedForEncodings = 0;
			knownRegions = (
				en,
				Base,
			);
			mainGroup = 4723CB5726BF0A51002E1954;
			productRefGroup = 4723CB6126BF0A51002E1954 /* Products */;
			projectDirPath = "";
			projectRoot = "";
			targets = (
				4723CB5F26BF0A51002E1954 /* SpaceShooter */,
			);
		};
/* End PBXProject section */

/* Begin PBXResourcesBuildPhase section */
		4723CB5E26BF0A51002E1954 /* Resources */ = {
			isa = PBXResourcesBuildPhase;
			buildActionMask = 2147483647;
			files = (
				471B7AED26C1CE3C00F3CAB2 /* Readme.md in Resources */,
				4723CB6F26BF0A51002E1954 /* Main.storyboard in Resources */,
				4723CB6626BF0A51002E1954 /* GameScene.sks in Resources */,
				4723CB7126BF0A52002E1954 /* Assets.xcassets in Resources */,
				4723CB6826BF0A51002E1954 /* Actions.sks in Resources */,
				471B7AE726C1AFDF00F3CAB2 /* explosionParticle.sks in Resources */,
				471B7AE926C1B76900F3CAB2 /* TitleScene.sks in Resources */,
			);
			runOnlyForDeploymentPostprocessing = 0;
		};
/* End PBXResourcesBuildPhase section */

/* Begin PBXSourcesBuildPhase section */
		4723CB5C26BF0A51002E1954 /* Sources */ = {
			isa = PBXSourcesBuildPhase;
			buildActionMask = 2147483647;
			files = (
				4723CB6A26BF0A51002E1954 /* GameScene.swift in Sources */,
				4723CB6C26BF0A51002E1954 /* GameViewController.swift in Sources */,
				4723CB6426BF0A51002E1954 /* AppDelegate.swift in Sources */,
				471B7AEB26C1B79900F3CAB2 /* TitleScene.swift in Sources */,
			);
			runOnlyForDeploymentPostprocessing = 0;
		};
/* End PBXSourcesBuildPhase section */

/* Begin PBXVariantGroup section */
		4723CB6D26BF0A51002E1954 /* Main.storyboard */ = {
			isa = PBXVariantGroup;
			children = (
				4723CB6E26BF0A51002E1954 /* Base */,
			);
			name = Main.storyboard;
			sourceTree = "<group>";
		};
/* End PBXVariantGroup section */

/* Begin XCBuildConfiguration section */
		4723CB7326BF0A52002E1954 /* Debug */ = {
			isa = XCBuildConfiguration;
			buildSettings = {
				ALWAYS_SEARCH_USER_PATHS = NO;
				CLANG_ANALYZER_NONNULL = YES;
				CLANG_ANALYZER_NUMBER_OBJECT_CONVERSION = YES_AGGRESSIVE;
				CLANG_CXX_LANGUAGE_STANDARD = "gnu++14";
				CLANG_CXX_LIBRARY = "libc++";
				CLANG_ENABLE_MODULES = YES;
				CLANG_ENABLE_OBJC_ARC = YES;
				CLANG_ENABLE_OBJC_WEAK = YES;
				CLANG_WARN_BLOCK_CAPTURE_AUTORELEASING = YES;
				CLANG_WARN_BOOL_CONVERSION = YES;
				CLANG_WARN_COMMA = YES;
				CLANG_WARN_CONSTANT_CONVERSION = YES;
				CLANG_WARN_DEPRECATED_OBJC_IMPLEMENTATIONS = YES;
				CLANG_WARN_DIRECT_OBJC_ISA_USAGE = YES_ERROR;
				CLANG_WARN_DOCUMENTATION_COMMENTS = YES;
				CLANG_WARN_EMPTY_BODY = YES;
				CLANG_WARN_ENUM_CONVERSION = YES;
				CLANG_WARN_INFINITE_RECURSION = YES;
				CLANG_WARN_INT_CONVERSION = YES;
				CLANG_WARN_NON_LITERAL_NULL_CONVERSION = YES;
				CLANG_WARN_OBJC_IMPLICIT_RETAIN_SELF = YES;
				CLANG_WARN_OBJC_LITERAL_CONVERSION = YES;
				CLANG_WARN_OBJC_ROOT_CLASS = YES_ERROR;
				CLANG_WARN_QUOTED_INCLUDE_IN_FRAMEWORK_HEADER = YES;
				CLANG_WARN_RANGE_LOOP_ANALYSIS = YES;
				CLANG_WARN_STRICT_PROTOTYPES = YES;
				CLANG_WARN_SUSPICIOUS_MOVE = YES;
				CLANG_WARN_UNGUARDED_AVAILABILITY = YES_AGGRESSIVE;
				CLANG_WARN_UNREACHABLE_CODE = YES;
				CLANG_WARN__DUPLICATE_METHOD_MATCH = YES;
				COPY_PHASE_STRIP = NO;
				DEBUG_INFORMATION_FORMAT = dwarf;
				ENABLE_STRICT_OBJC_MSGSEND = YES;
				ENABLE_TESTABILITY = YES;
				GCC_C_LANGUAGE_STANDARD = gnu11;
				GCC_DYNAMIC_NO_PIC = NO;
				GCC_NO_COMMON_BLOCKS = YES;
				GCC_OPTIMIZATION_LEVEL = 0;
				GCC_PREPROCESSOR_DEFINITIONS = (
					"DEBUG=1",
					"$(inherited)",
				);
				GCC_WARN_64_TO_32_BIT_CONVERSION = YES;
				GCC_WARN_ABOUT_RETURN_TYPE = YES_ERROR;
				GCC_WARN_UNDECLARED_SELECTOR = YES;
				GCC_WARN_UNINITIALIZED_AUTOS = YES_AGGRESSIVE;
				GCC_WARN_UNUSED_FUNCTION = YES;
				GCC_WARN_UNUSED_VARIABLE = YES;
				IPHONEOS_DEPLOYMENT_TARGET = 14.5;
				MTL_ENABLE_DEBUG_INFO = INCLUDE_SOURCE;
				MTL_FAST_MATH = YES;
				ONLY_ACTIVE_ARCH = YES;
				SDKROOT = iphoneos;
				SWIFT_ACTIVE_COMPILATION_CONDITIONS = DEBUG;
				SWIFT_OPTIMIZATION_LEVEL = "-Onone";
			};
			name = Debug;
		};
		4723CB7426BF0A52002E1954 /* Release */ = {
			isa = XCBuildConfiguration;
			buildSettings = {
				ALWAYS_SEARCH_USER_PATHS = NO;
				CLANG_ANALYZER_NONNULL = YES;
				CLANG_ANALYZER_NUMBER_OBJECT_CONVERSION = YES_AGGRESSIVE;
				CLANG_CXX_LANGUAGE_STANDARD = "gnu++14";
				CLANG_CXX_LIBRARY = "libc++";
				CLANG_ENABLE_MODULES = YES;
				CLANG_ENABLE_OBJC_ARC = YES;
				CLANG_ENABLE_OBJC_WEAK = YES;
				CLANG_WARN_BLOCK_CAPTURE_AUTORELEASING = YES;
				CLANG_WARN_BOOL_CONVERSION = YES;
				CLANG_WARN_COMMA = YES;
				CLANG_WARN_CONSTANT_CONVERSION = YES;
				CLANG_WARN_DEPRECATED_OBJC_IMPLEMENTATIONS = YES;
				CLANG_WARN_DIRECT_OBJC_ISA_USAGE = YES_ERROR;
				CLANG_WARN_DOCUMENTATION_COMMENTS = YES;
				CLANG_WARN_EMPTY_BODY = YES;
				CLANG_WARN_ENUM_CONVERSION = YES;
				CLANG_WARN_INFINITE_RECURSION = YES;
				CLANG_WARN_INT_CONVERSION = YES;
				CLANG_WARN_NON_LITERAL_NULL_CONVERSION = YES;
				CLANG_WARN_OBJC_IMPLICIT_RETAIN_SELF = YES;
				CLANG_WARN_OBJC_LITERAL_CONVERSION = YES;
				CLANG_WARN_OBJC_ROOT_CLASS = YES_ERROR;
				CLANG_WARN_QUOTED_INCLUDE_IN_FRAMEWORK_HEADER = YES;
				CLANG_WARN_RANGE_LOOP_ANALYSIS = YES;
				CLANG_WARN_STRICT_PROTOTYPES = YES;
				CLANG_WARN_SUSPICIOUS_MOVE = YES;
				CLANG_WARN_UNGUARDED_AVAILABILITY = YES_AGGRESSIVE;
				CLANG_WARN_UNREACHABLE_CODE = YES;
				CLANG_WARN__DUPLICATE_METHOD_MATCH = YES;
				COPY_PHASE_STRIP = NO;
				DEBUG_INFORMATION_FORMAT = "dwarf-with-dsym";
				ENABLE_NS_ASSERTIONS = NO;
				ENABLE_STRICT_OBJC_MSGSEND = YES;
				GCC_C_LANGUAGE_STANDARD = gnu11;
				GCC_NO_COMMON_BLOCKS = YES;
				GCC_WARN_64_TO_32_BIT_CONVERSION = YES;
				GCC_WARN_ABOUT_RETURN_TYPE = YES_ERROR;
				GCC_WARN_UNDECLARED_SELECTOR = YES;
				GCC_WARN_UNINITIALIZED_AUTOS = YES_AGGRESSIVE;
				GCC_WARN_UNUSED_FUNCTION = YES;
				GCC_WARN_UNUSED_VARIABLE = YES;
				IPHONEOS_DEPLOYMENT_TARGET = 14.5;
				MTL_ENABLE_DEBUG_INFO = NO;
				MTL_FAST_MATH = YES;
				SDKROOT = iphoneos;
				SWIFT_COMPILATION_MODE = wholemodule;
				SWIFT_OPTIMIZATION_LEVEL = "-O";
				VALIDATE_PRODUCT = YES;
			};
			name = Release;
		};
		4723CB7626BF0A52002E1954 /* Debug */ = {
			isa = XCBuildConfiguration;
			buildSettings = {
				ASSETCATALOG_COMPILER_APPICON_NAME = AppIcon;
				ASSETCATALOG_COMPILER_GLOBAL_ACCENT_COLOR_NAME = AccentColor;
				CODE_SIGN_STYLE = Automatic;
				DEVELOPMENT_TEAM = ZNR2D834QB;
				INFOPLIST_FILE = SpaceShooter/Info.plist;
				LD_RUNPATH_SEARCH_PATHS = (
					"$(inherited)",
					"@executable_path/Frameworks",
				);
				PRODUCT_BUNDLE_IDENTIFIER = co.almor.SpaceShooter;
				PRODUCT_NAME = "$(TARGET_NAME)";
				SWIFT_VERSION = 5.0;
				TARGETED_DEVICE_FAMILY = "1,2";
			};
			name = Debug;
		};
		4723CB7726BF0A52002E1954 /* Release */ = {
			isa = XCBuildConfiguration;
			buildSettings = {
				ASSETCATALOG_COMPILER_APPICON_NAME = AppIcon;
				ASSETCATALOG_COMPILER_GLOBAL_ACCENT_COLOR_NAME = AccentColor;
				CODE_SIGN_STYLE = Automatic;
				DEVELOPMENT_TEAM = ZNR2D834QB;
				INFOPLIST_FILE = SpaceShooter/Info.plist;
				LD_RUNPATH_SEARCH_PATHS = (
					"$(inherited)",
					"@executable_path/Frameworks",
				);
				PRODUCT_BUNDLE_IDENTIFIER = co.almor.SpaceShooter;
				PRODUCT_NAME = "$(TARGET_NAME)";
				SWIFT_VERSION = 5.0;
				TARGETED_DEVICE_FAMILY = "1,2";
			};
			name = Release;
		};
/* End XCBuildConfiguration section */

/* Begin XCConfigurationList section */
		4723CB5B26BF0A51002E1954 /* Build configuration list for PBXProject "SpaceShooter" */ = {
			isa = XCConfigurationList;
			buildConfigurations = (
				4723CB7326BF0A52002E1954 /* Debug */,
				4723CB7426BF0A52002E1954 /* Release */,
			);
			defaultConfigurationIsVisible = 0;
			defaultConfigurationName = Release;
		};
		4723CB7526BF0A52002E1954 /* Build configuration list for PBXNativeTarget "SpaceShooter" */ = {
			isa = XCConfigurationList;
			buildConfigurations = (
				4723CB7626BF0A52002E1954 /* Debug */,
				4723CB7726BF0A52002E1954 /* Release */,
			);
			defaultConfigurationIsVisible = 0;
			defaultConfigurationName = Release;
		};
/* End XCConfigurationList section */
	};
	rootObject = 4723CB5826BF0A51002E1954 /* Project object */;
}
